// !$*UTF8*$!
{
	archiveVersion = 1;
	classes = {
	};
	objectVersion = 50;
	objects = {

/* Begin PBXBuildFile section */
		DFE0E8F2250A77B6004848D1 /* AppDelegate.swift in Sources */ = {isa = PBXBuildFile; fileRef = DFE0E8F1250A77B6004848D1 /* AppDelegate.swift */; };
		DFE0E8F4250A77B6004848D1 /* SceneDelegate.swift in Sources */ = {isa = PBXBuildFile; fileRef = DFE0E8F3250A77B6004848D1 /* SceneDelegate.swift */; };
		DFE0E8F6250A77B6004848D1 /* ViewController.swift in Sources */ = {isa = PBXBuildFile; fileRef = DFE0E8F5250A77B6004848D1 /* ViewController.swift */; };
		DFE0E8F9250A77B6004848D1 /* Main.storyboard in Resources */ = {isa = PBXBuildFile; fileRef = DFE0E8F7250A77B6004848D1 /* Main.storyboard */; };
		DFE0E8FB250A77B7004848D1 /* Assets.xcassets in Resources */ = {isa = PBXBuildFile; fileRef = DFE0E8FA250A77B7004848D1 /* Assets.xcassets */; };
		DFE0E8FE250A77B7004848D1 /* LaunchScreen.storyboard in Resources */ = {isa = PBXBuildFile; fileRef = DFE0E8FC250A77B7004848D1 /* LaunchScreen.storyboard */; };
		DFE0E909250A77B7004848D1 /* EY_Mtel_StringToColorTests.swift in Sources */ = {isa = PBXBuildFile; fileRef = DFE0E908250A77B7004848D1 /* EY_Mtel_StringToColorTests.swift */; };
		DFE0E914250A77B7004848D1 /* EY_Mtel_StringToColorUITests.swift in Sources */ = {isa = PBXBuildFile; fileRef = DFE0E913250A77B7004848D1 /* EY_Mtel_StringToColorUITests.swift */; };
		DFE0E924250A78BB004848D1 /* UIColor+Utlis.swift in Sources */ = {isa = PBXBuildFile; fileRef = DFE0E922250A78BB004848D1 /* UIColor+Utlis.swift */; };
		DFE0E925250A78BB004848D1 /* String+Utils.swift in Sources */ = {isa = PBXBuildFile; fileRef = DFE0E923250A78BB004848D1 /* String+Utils.swift */; };
/* End PBXBuildFile section */

/* Begin PBXContainerItemProxy section */
		DFE0E905250A77B7004848D1 /* PBXContainerItemProxy */ = {
			isa = PBXContainerItemProxy;
			containerPortal = DFE0E8E6250A77B5004848D1 /* Project object */;
			proxyType = 1;
			remoteGlobalIDString = DFE0E8ED250A77B6004848D1;
			remoteInfo = EY.Mtel.StringToColor;
		};
		DFE0E910250A77B7004848D1 /* PBXContainerItemProxy */ = {
			isa = PBXContainerItemProxy;
			containerPortal = DFE0E8E6250A77B5004848D1 /* Project object */;
			proxyType = 1;
			remoteGlobalIDString = DFE0E8ED250A77B6004848D1;
			remoteInfo = EY.Mtel.StringToColor;
		};
/* End PBXContainerItemProxy section */

/* Begin PBXFileReference section */
		DFE0E8EE250A77B6004848D1 /* EY.Mtel.StringToColor.app */ = {isa = PBXFileReference; explicitFileType = wrapper.application; includeInIndex = 0; path = EY.Mtel.StringToColor.app; sourceTree = BUILT_PRODUCTS_DIR; };
		DFE0E8F1250A77B6004848D1 /* AppDelegate.swift */ = {isa = PBXFileReference; lastKnownFileType = sourcecode.swift; path = AppDelegate.swift; sourceTree = "<group>"; };
		DFE0E8F3250A77B6004848D1 /* SceneDelegate.swift */ = {isa = PBXFileReference; lastKnownFileType = sourcecode.swift; path = SceneDelegate.swift; sourceTree = "<group>"; };
		DFE0E8F5250A77B6004848D1 /* ViewController.swift */ = {isa = PBXFileReference; lastKnownFileType = sourcecode.swift; path = ViewController.swift; sourceTree = "<group>"; };
		DFE0E8F8250A77B6004848D1 /* Base */ = {isa = PBXFileReference; lastKnownFileType = file.storyboard; name = Base; path = Base.lproj/Main.storyboard; sourceTree = "<group>"; };
		DFE0E8FA250A77B7004848D1 /* Assets.xcassets */ = {isa = PBXFileReference; lastKnownFileType = folder.assetcatalog; path = Assets.xcassets; sourceTree = "<group>"; };
		DFE0E8FD250A77B7004848D1 /* Base */ = {isa = PBXFileReference; lastKnownFileType = file.storyboard; name = Base; path = Base.lproj/LaunchScreen.storyboard; sourceTree = "<group>"; };
		DFE0E8FF250A77B7004848D1 /* Info.plist */ = {isa = PBXFileReference; lastKnownFileType = text.plist.xml; path = Info.plist; sourceTree = "<group>"; };
		DFE0E904250A77B7004848D1 /* EY.Mtel.StringToColorTests.xctest */ = {isa = PBXFileReference; explicitFileType = wrapper.cfbundle; includeInIndex = 0; path = EY.Mtel.StringToColorTests.xctest; sourceTree = BUILT_PRODUCTS_DIR; };
		DFE0E908250A77B7004848D1 /* EY_Mtel_StringToColorTests.swift */ = {isa = PBXFileReference; lastKnownFileType = sourcecode.swift; path = EY_Mtel_StringToColorTests.swift; sourceTree = "<group>"; };
		DFE0E90A250A77B7004848D1 /* Info.plist */ = {isa = PBXFileReference; lastKnownFileType = text.plist.xml; path = Info.plist; sourceTree = "<group>"; };
		DFE0E90F250A77B7004848D1 /* EY.Mtel.StringToColorUITests.xctest */ = {isa = PBXFileReference; explicitFileType = wrapper.cfbundle; includeInIndex = 0; path = EY.Mtel.StringToColorUITests.xctest; sourceTree = BUILT_PRODUCTS_DIR; };
		DFE0E913250A77B7004848D1 /* EY_Mtel_StringToColorUITests.swift */ = {isa = PBXFileReference; lastKnownFileType = sourcecode.swift; path = EY_Mtel_StringToColorUITests.swift; sourceTree = "<group>"; };
		DFE0E915250A77B7004848D1 /* Info.plist */ = {isa = PBXFileReference; lastKnownFileType = text.plist.xml; path = Info.plist; sourceTree = "<group>"; };
		DFE0E922250A78BB004848D1 /* UIColor+Utlis.swift */ = {isa = PBXFileReference; fileEncoding = 4; lastKnownFileType = sourcecode.swift; path = "UIColor+Utlis.swift"; sourceTree = "<group>"; };
		DFE0E923250A78BB004848D1 /* String+Utils.swift */ = {isa = PBXFileReference; fileEncoding = 4; lastKnownFileType = sourcecode.swift; path = "String+Utils.swift"; sourceTree = "<group>"; };
/* End PBXFileReference section */

/* Begin PBXFrameworksBuildPhase section */
		DFE0E8EB250A77B6004848D1 /* Frameworks */ = {
			isa = PBXFrameworksBuildPhase;
			buildActionMask = 2147483647;
			files = (
			);
			runOnlyForDeploymentPostprocessing = 0;
		};
		DFE0E901250A77B7004848D1 /* Frameworks */ = {
			isa = PBXFrameworksBuildPhase;
			buildActionMask = 2147483647;
			files = (
			);
			runOnlyForDeploymentPostprocessing = 0;
		};
		DFE0E90C250A77B7004848D1 /* Frameworks */ = {
			isa = PBXFrameworksBuildPhase;
			buildActionMask = 2147483647;
			files = (
			);
			runOnlyForDeploymentPostprocessing = 0;
		};
/* End PBXFrameworksBuildPhase section */

/* Begin PBXGroup section */
		DFE0E8E5250A77B5004848D1 = {
			isa = PBXGroup;
			children = (
				DFE0E921250A78BB004848D1 /* EYMtelStringToColor */,
				DFE0E8F0250A77B6004848D1 /* EY.Mtel.StringToColor */,
				DFE0E907250A77B7004848D1 /* EY.Mtel.StringToColorTests */,
				DFE0E912250A77B7004848D1 /* EY.Mtel.StringToColorUITests */,
				DFE0E8EF250A77B6004848D1 /* Products */,
			);
			sourceTree = "<group>";
		};
		DFE0E8EF250A77B6004848D1 /* Products */ = {
			isa = PBXGroup;
			children = (
				DFE0E8EE250A77B6004848D1 /* EY.Mtel.StringToColor.app */,
				DFE0E904250A77B7004848D1 /* EY.Mtel.StringToColorTests.xctest */,
				DFE0E90F250A77B7004848D1 /* EY.Mtel.StringToColorUITests.xctest */,
			);
			name = Products;
			sourceTree = "<group>";
		};
		DFE0E8F0250A77B6004848D1 /* EY.Mtel.StringToColor */ = {
			isa = PBXGroup;
			children = (
				DFE0E8F1250A77B6004848D1 /* AppDelegate.swift */,
				DFE0E8F3250A77B6004848D1 /* SceneDelegate.swift */,
				DFE0E8F5250A77B6004848D1 /* ViewController.swift */,
				DFE0E8F7250A77B6004848D1 /* Main.storyboard */,
				DFE0E8FA250A77B7004848D1 /* Assets.xcassets */,
				DFE0E8FC250A77B7004848D1 /* LaunchScreen.storyboard */,
				DFE0E8FF250A77B7004848D1 /* Info.plist */,
			);
			path = EY.Mtel.StringToColor;
			sourceTree = "<group>";
		};
		DFE0E907250A77B7004848D1 /* EY.Mtel.StringToColorTests */ = {
			isa = PBXGroup;
			children = (
				DFE0E908250A77B7004848D1 /* EY_Mtel_StringToColorTests.swift */,
				DFE0E90A250A77B7004848D1 /* Info.plist */,
			);
			path = EY.Mtel.StringToColorTests;
			sourceTree = "<group>";
		};
		DFE0E912250A77B7004848D1 /* EY.Mtel.StringToColorUITests */ = {
			isa = PBXGroup;
			children = (
				DFE0E913250A77B7004848D1 /* EY_Mtel_StringToColorUITests.swift */,
				DFE0E915250A77B7004848D1 /* Info.plist */,
			);
			path = EY.Mtel.StringToColorUITests;
			sourceTree = "<group>";
		};
		DFE0E921250A78BB004848D1 /* EYMtelStringToColor */ = {
			isa = PBXGroup;
			children = (
				DFE0E922250A78BB004848D1 /* UIColor+Utlis.swift */,
				DFE0E923250A78BB004848D1 /* String+Utils.swift */,
			);
			path = EYMtelStringToColor;
			sourceTree = "<group>";
		};
/* End PBXGroup section */

/* Begin PBXNativeTarget section */
		DFE0E8ED250A77B6004848D1 /* EY.Mtel.StringToColor */ = {
			isa = PBXNativeTarget;
			buildConfigurationList = DFE0E918250A77B7004848D1 /* Build configuration list for PBXNativeTarget "EY.Mtel.StringToColor" */;
			buildPhases = (
				DFE0E8EA250A77B6004848D1 /* Sources */,
				DFE0E8EB250A77B6004848D1 /* Frameworks */,
				DFE0E8EC250A77B6004848D1 /* Resources */,
			);
			buildRules = (
			);
			dependencies = (
			);
			name = EY.Mtel.StringToColor;
			productName = EY.Mtel.StringToColor;
			productReference = DFE0E8EE250A77B6004848D1 /* EY.Mtel.StringToColor.app */;
			productType = "com.apple.product-type.application";
		};
		DFE0E903250A77B7004848D1 /* EY.Mtel.StringToColorTests */ = {
			isa = PBXNativeTarget;
			buildConfigurationList = DFE0E91B250A77B7004848D1 /* Build configuration list for PBXNativeTarget "EY.Mtel.StringToColorTests" */;
			buildPhases = (
				DFE0E900250A77B7004848D1 /* Sources */,
				DFE0E901250A77B7004848D1 /* Frameworks */,
				DFE0E902250A77B7004848D1 /* Resources */,
			);
			buildRules = (
			);
			dependencies = (
				DFE0E906250A77B7004848D1 /* PBXTargetDependency */,
			);
			name = EY.Mtel.StringToColorTests;
			productName = EY.Mtel.StringToColorTests;
			productReference = DFE0E904250A77B7004848D1 /* EY.Mtel.StringToColorTests.xctest */;
			productType = "com.apple.product-type.bundle.unit-test";
		};
		DFE0E90E250A77B7004848D1 /* EY.Mtel.StringToColorUITests */ = {
			isa = PBXNativeTarget;
			buildConfigurationList = DFE0E91E250A77B7004848D1 /* Build configuration list for PBXNativeTarget "EY.Mtel.StringToColorUITests" */;
			buildPhases = (
				DFE0E90B250A77B7004848D1 /* Sources */,
				DFE0E90C250A77B7004848D1 /* Frameworks */,
				DFE0E90D250A77B7004848D1 /* Resources */,
			);
			buildRules = (
			);
			dependencies = (
				DFE0E911250A77B7004848D1 /* PBXTargetDependency */,
			);
			name = EY.Mtel.StringToColorUITests;
			productName = EY.Mtel.StringToColorUITests;
			productReference = DFE0E90F250A77B7004848D1 /* EY.Mtel.StringToColorUITests.xctest */;
			productType = "com.apple.product-type.bundle.ui-testing";
		};
/* End PBXNativeTarget section */

/* Begin PBXProject section */
		DFE0E8E6250A77B5004848D1 /* Project object */ = {
			isa = PBXProject;
			attributes = {
				LastSwiftUpdateCheck = 1160;
				LastUpgradeCheck = 1160;
				ORGANIZATIONNAME = EY.Mtel;
				TargetAttributes = {
					DFE0E8ED250A77B6004848D1 = {
						CreatedOnToolsVersion = 11.6;
					};
					DFE0E903250A77B7004848D1 = {
						CreatedOnToolsVersion = 11.6;
						TestTargetID = DFE0E8ED250A77B6004848D1;
					};
					DFE0E90E250A77B7004848D1 = {
						CreatedOnToolsVersion = 11.6;
						TestTargetID = DFE0E8ED250A77B6004848D1;
					};
				};
			};
			buildConfigurationList = DFE0E8E9250A77B5004848D1 /* Build configuration list for PBXProject "EY.Mtel.StringToColor" */;
			compatibilityVersion = "Xcode 9.3";
			developmentRegion = en;
			hasScannedForEncodings = 0;
			knownRegions = (
				en,
				Base,
			);
			mainGroup = DFE0E8E5250A77B5004848D1;
			productRefGroup = DFE0E8EF250A77B6004848D1 /* Products */;
			projectDirPath = "";
			projectRoot = "";
			targets = (
				DFE0E8ED250A77B6004848D1 /* EY.Mtel.StringToColor */,
				DFE0E903250A77B7004848D1 /* EY.Mtel.StringToColorTests */,
				DFE0E90E250A77B7004848D1 /* EY.Mtel.StringToColorUITests */,
			);
		};
/* End PBXProject section */

/* Begin PBXResourcesBuildPhase section */
		DFE0E8EC250A77B6004848D1 /* Resources */ = {
			isa = PBXResourcesBuildPhase;
			buildActionMask = 2147483647;
			files = (
				DFE0E8FE250A77B7004848D1 /* LaunchScreen.storyboard in Resources */,
				DFE0E8FB250A77B7004848D1 /* Assets.xcassets in Resources */,
				DFE0E8F9250A77B6004848D1 /* Main.storyboard in Resources */,
			);
			runOnlyForDeploymentPostprocessing = 0;
		};
		DFE0E902250A77B7004848D1 /* Resources */ = {
			isa = PBXResourcesBuildPhase;
			buildActionMask = 2147483647;
			files = (
			);
			runOnlyForDeploymentPostprocessing = 0;
		};
		DFE0E90D250A77B7004848D1 /* Resources */ = {
			isa = PBXResourcesBuildPhase;
			buildActionMask = 2147483647;
			files = (
			);
			runOnlyForDeploymentPostprocessing = 0;
		};
/* End PBXResourcesBuildPhase section */

/* Begin PBXSourcesBuildPhase section */
		DFE0E8EA250A77B6004848D1 /* Sources */ = {
			isa = PBXSourcesBuildPhase;
			buildActionMask = 2147483647;
			files = (
				DFE0E925250A78BB004848D1 /* String+Utils.swift in Sources */,
				DFE0E8F6250A77B6004848D1 /* ViewController.swift in Sources */,
				DFE0E8F2250A77B6004848D1 /* AppDelegate.swift in Sources */,
				DFE0E8F4250A77B6004848D1 /* SceneDelegate.swift in Sources */,
				DFE0E924250A78BB004848D1 /* UIColor+Utlis.swift in Sources */,
			);
			runOnlyForDeploymentPostprocessing = 0;
		};
		DFE0E900250A77B7004848D1 /* Sources */ = {
			isa = PBXSourcesBuildPhase;
			buildActionMask = 2147483647;
			files = (
				DFE0E909250A77B7004848D1 /* EY_Mtel_StringToColorTests.swift in Sources */,
			);
			runOnlyForDeploymentPostprocessing = 0;
		};
		DFE0E90B250A77B7004848D1 /* Sources */ = {
			isa = PBXSourcesBuildPhase;
			buildActionMask = 2147483647;
			files = (
				DFE0E914250A77B7004848D1 /* EY_Mtel_StringToColorUITests.swift in Sources */,
			);
			runOnlyForDeploymentPostprocessing = 0;
		};
/* End PBXSourcesBuildPhase section */

/* Begin PBXTargetDependency section */
		DFE0E906250A77B7004848D1 /* PBXTargetDependency */ = {
			isa = PBXTargetDependency;
			target = DFE0E8ED250A77B6004848D1 /* EY.Mtel.StringToColor */;
			targetProxy = DFE0E905250A77B7004848D1 /* PBXContainerItemProxy */;
		};
		DFE0E911250A77B7004848D1 /* PBXTargetDependency */ = {
			isa = PBXTargetDependency;
			target = DFE0E8ED250A77B6004848D1 /* EY.Mtel.StringToColor */;
			targetProxy = DFE0E910250A77B7004848D1 /* PBXContainerItemProxy */;
		};
/* End PBXTargetDependency section */

/* Begin PBXVariantGroup section */
		DFE0E8F7250A77B6004848D1 /* Main.storyboard */ = {
			isa = PBXVariantGroup;
			children = (
				DFE0E8F8250A77B6004848D1 /* Base */,
			);
			name = Main.storyboard;
			sourceTree = "<group>";
		};
		DFE0E8FC250A77B7004848D1 /* LaunchScreen.storyboard */ = {
			isa = PBXVariantGroup;
			children = (
				DFE0E8FD250A77B7004848D1 /* Base */,
			);
			name = LaunchScreen.storyboard;
			sourceTree = "<group>";
		};
/* End PBXVariantGroup section */

/* Begin XCBuildConfiguration section */
		DFE0E916250A77B7004848D1 /* Debug */ = {
			isa = XCBuildConfiguration;
			buildSettings = {
				ALWAYS_SEARCH_USER_PATHS = NO;
				CLANG_ANALYZER_NONNULL = YES;
				CLANG_ANALYZER_NUMBER_OBJECT_CONVERSION = YES_AGGRESSIVE;
				CLANG_CXX_LANGUAGE_STANDARD = "gnu++14";
				CLANG_CXX_LIBRARY = "libc++";
				CLANG_ENABLE_MODULES = YES;
				CLANG_ENABLE_OBJC_ARC = YES;
				CLANG_ENABLE_OBJC_WEAK = YES;
				CLANG_WARN_BLOCK_CAPTURE_AUTORELEASING = YES;
				CLANG_WARN_BOOL_CONVERSION = YES;
				CLANG_WARN_COMMA = YES;
				CLANG_WARN_CONSTANT_CONVERSION = YES;
				CLANG_WARN_DEPRECATED_OBJC_IMPLEMENTATIONS = YES;
				CLANG_WARN_DIRECT_OBJC_ISA_USAGE = YES_ERROR;
				CLANG_WARN_DOCUMENTATION_COMMENTS = YES;
				CLANG_WARN_EMPTY_BODY = YES;
				CLANG_WARN_ENUM_CONVERSION = YES;
				CLANG_WARN_INFINITE_RECURSION = YES;
				CLANG_WARN_INT_CONVERSION = YES;
				CLANG_WARN_NON_LITERAL_NULL_CONVERSION = YES;
				CLANG_WARN_OBJC_IMPLICIT_RETAIN_SELF = YES;
				CLANG_WARN_OBJC_LITERAL_CONVERSION = YES;
				CLANG_WARN_OBJC_ROOT_CLASS = YES_ERROR;
				CLANG_WARN_RANGE_LOOP_ANALYSIS = YES;
				CLANG_WARN_STRICT_PROTOTYPES = YES;
				CLANG_WARN_SUSPICIOUS_MOVE = YES;
				CLANG_WARN_UNGUARDED_AVAILABILITY = YES_AGGRESSIVE;
				CLANG_WARN_UNREACHABLE_CODE = YES;
				CLANG_WARN__DUPLICATE_METHOD_MATCH = YES;
				COPY_PHASE_STRIP = NO;
				DEBUG_INFORMATION_FORMAT = dwarf;
				ENABLE_STRICT_OBJC_MSGSEND = YES;
				ENABLE_TESTABILITY = YES;
				GCC_C_LANGUAGE_STANDARD = gnu11;
				GCC_DYNAMIC_NO_PIC = NO;
				GCC_NO_COMMON_BLOCKS = YES;
				GCC_OPTIMIZATION_LEVEL = 0;
				GCC_PREPROCESSOR_DEFINITIONS = (
					"DEBUG=1",
					"$(inherited)",
				);
				GCC_WARN_64_TO_32_BIT_CONVERSION = YES;
				GCC_WARN_ABOUT_RETURN_TYPE = YES_ERROR;
				GCC_WARN_UNDECLARED_SELECTOR = YES;
				GCC_WARN_UNINITIALIZED_AUTOS = YES_AGGRESSIVE;
				GCC_WARN_UNUSED_FUNCTION = YES;
				GCC_WARN_UNUSED_VARIABLE = YES;
				IPHONEOS_DEPLOYMENT_TARGET = 13.6;
				MTL_ENABLE_DEBUG_INFO = INCLUDE_SOURCE;
				MTL_FAST_MATH = YES;
				ONLY_ACTIVE_ARCH = YES;
				SDKROOT = iphoneos;
				SWIFT_ACTIVE_COMPILATION_CONDITIONS = DEBUG;
				SWIFT_OPTIMIZATION_LEVEL = "-Onone";
			};
			name = Debug;
		};
		DFE0E917250A77B7004848D1 /* Release */ = {
			isa = XCBuildConfiguration;
			buildSettings = {
				ALWAYS_SEARCH_USER_PATHS = NO;
				CLANG_ANALYZER_NONNULL = YES;
				CLANG_ANALYZER_NUMBER_OBJECT_CONVERSION = YES_AGGRESSIVE;
				CLANG_CXX_LANGUAGE_STANDARD = "gnu++14";
				CLANG_CXX_LIBRARY = "libc++";
				CLANG_ENABLE_MODULES = YES;
				CLANG_ENABLE_OBJC_ARC = YES;
				CLANG_ENABLE_OBJC_WEAK = YES;
				CLANG_WARN_BLOCK_CAPTURE_AUTORELEASING = YES;
				CLANG_WARN_BOOL_CONVERSION = YES;
				CLANG_WARN_COMMA = YES;
				CLANG_WARN_CONSTANT_CONVERSION = YES;
				CLANG_WARN_DEPRECATED_OBJC_IMPLEMENTATIONS = YES;
				CLANG_WARN_DIRECT_OBJC_ISA_USAGE = YES_ERROR;
				CLANG_WARN_DOCUMENTATION_COMMENTS = YES;
				CLANG_WARN_EMPTY_BODY = YES;
				CLANG_WARN_ENUM_CONVERSION = YES;
				CLANG_WARN_INFINITE_RECURSION = YES;
				CLANG_WARN_INT_CONVERSION = YES;
				CLANG_WARN_NON_LITERAL_NULL_CONVERSION = YES;
				CLANG_WARN_OBJC_IMPLICIT_RETAIN_SELF = YES;
				CLANG_WARN_OBJC_LITERAL_CONVERSION = YES;
				CLANG_WARN_OBJC_ROOT_CLASS = YES_ERROR;
				CLANG_WARN_RANGE_LOOP_ANALYSIS = YES;
				CLANG_WARN_STRICT_PROTOTYPES = YES;
				CLANG_WARN_SUSPICIOUS_MOVE = YES;
				CLANG_WARN_UNGUARDED_AVAILABILITY = YES_AGGRESSIVE;
				CLANG_WARN_UNREACHABLE_CODE = YES;
				CLANG_WARN__DUPLICATE_METHOD_MATCH = YES;
				COPY_PHASE_STRIP = NO;
				DEBUG_INFORMATION_FORMAT = "dwarf-with-dsym";
				ENABLE_NS_ASSERTIONS = NO;
				ENABLE_STRICT_OBJC_MSGSEND = YES;
				GCC_C_LANGUAGE_STANDARD = gnu11;
				GCC_NO_COMMON_BLOCKS = YES;
				GCC_WARN_64_TO_32_BIT_CONVERSION = YES;
				GCC_WARN_ABOUT_RETURN_TYPE = YES_ERROR;
				GCC_WARN_UNDECLARED_SELECTOR = YES;
				GCC_WARN_UNINITIALIZED_AUTOS = YES_AGGRESSIVE;
				GCC_WARN_UNUSED_FUNCTION = YES;
				GCC_WARN_UNUSED_VARIABLE = YES;
				IPHONEOS_DEPLOYMENT_TARGET = 13.6;
				MTL_ENABLE_DEBUG_INFO = NO;
				MTL_FAST_MATH = YES;
				SDKROOT = iphoneos;
				SWIFT_COMPILATION_MODE = wholemodule;
				SWIFT_OPTIMIZATION_LEVEL = "-O";
				VALIDATE_PRODUCT = YES;
			};
			name = Release;
		};
		DFE0E919250A77B7004848D1 /* Debug */ = {
			isa = XCBuildConfiguration;
			buildSettings = {
				ASSETCATALOG_COMPILER_APPICON_NAME = AppIcon;
				CODE_SIGN_STYLE = Automatic;
				DEVELOPMENT_TEAM = KTWM2B262H;
				INFOPLIST_FILE = EY.Mtel.StringToColor/Info.plist;
				IPHONEOS_DEPLOYMENT_TARGET = 13.0;
				LD_RUNPATH_SEARCH_PATHS = (
					"$(inherited)",
					"@executable_path/Frameworks",
				);
				PRODUCT_BUNDLE_IDENTIFIER = "EY.Mtel.EY-Mtel-StringToColor";
				PRODUCT_NAME = "$(TARGET_NAME)";
				SWIFT_VERSION = 5.0;
				TARGETED_DEVICE_FAMILY = "1,2";
			};
			name = Debug;
		};
		DFE0E91A250A77B7004848D1 /* Release */ = {
			isa = XCBuildConfiguration;
			buildSettings = {
				ASSETCATALOG_COMPILER_APPICON_NAME = AppIcon;
				CODE_SIGN_STYLE = Automatic;
				DEVELOPMENT_TEAM = KTWM2B262H;
				INFOPLIST_FILE = EY.Mtel.StringToColor/Info.plist;
				IPHONEOS_DEPLOYMENT_TARGET = 13.0;
				LD_RUNPATH_SEARCH_PATHS = (
					"$(inherited)",
					"@executable_path/Frameworks",
				);
				PRODUCT_BUNDLE_IDENTIFIER = "EY.Mtel.EY-Mtel-StringToColor";
				PRODUCT_NAME = "$(TARGET_NAME)";
				SWIFT_VERSION = 5.0;
				TARGETED_DEVICE_FAMILY = "1,2";
			};
			name = Release;
		};
		DFE0E91C250A77B7004848D1 /* Debug */ = {
			isa = XCBuildConfiguration;
			buildSettings = {
				ALWAYS_EMBED_SWIFT_STANDARD_LIBRARIES = YES;
				BUNDLE_LOADER = "$(TEST_HOST)";
				CODE_SIGN_STYLE = Automatic;
				DEVELOPMENT_TEAM = KTWM2B262H;
				INFOPLIST_FILE = EY.Mtel.StringToColorTests/Info.plist;
				IPHONEOS_DEPLOYMENT_TARGET = 13.6;
				LD_RUNPATH_SEARCH_PATHS = (
					"$(inherited)",
					"@executable_path/Frameworks",
					"@loader_path/Frameworks",
				);
				PRODUCT_BUNDLE_IDENTIFIER = "EY.Mtel.EY-Mtel-StringToColorTests";
				PRODUCT_NAME = "$(TARGET_NAME)";
				SWIFT_VERSION = 5.0;
				TARGETED_DEVICE_FAMILY = "1,2";
				TEST_HOST = "$(BUILT_PRODUCTS_DIR)/EY.Mtel.StringToColor.app/EY.Mtel.StringToColor";
			};
			name = Debug;
		};
		DFE0E91D250A77B7004848D1 /* Release */ = {
			isa = XCBuildConfiguration;
			buildSettings = {
				ALWAYS_EMBED_SWIFT_STANDARD_LIBRARIES = YES;
				BUNDLE_LOADER = "$(TEST_HOST)";
				CODE_SIGN_STYLE = Automatic;
				DEVELOPMENT_TEAM = KTWM2B262H;
				INFOPLIST_FILE = EY.Mtel.StringToColorTests/Info.plist;
				IPHONEOS_DEPLOYMENT_TARGET = 13.6;
				LD_RUNPATH_SEARCH_PATHS = (
					"$(inherited)",
					"@executable_path/Frameworks",
					"@loader_path/Frameworks",
				);
				PRODUCT_BUNDLE_IDENTIFIER = "EY.Mtel.EY-Mtel-StringToColorTests";
				PRODUCT_NAME = "$(TARGET_NAME)";
				SWIFT_VERSION = 5.0;
				TARGETED_DEVICE_FAMILY = "1,2";
				TEST_HOST = "$(BUILT_PRODUCTS_DIR)/EY.Mtel.StringToColor.app/EY.Mtel.StringToColor";
			};
			name = Release;
		};
		DFE0E91F250A77B7004848D1 /* Debug */ = {
			isa = XCBuildConfiguration;
			buildSettings = {
				ALWAYS_EMBED_SWIFT_STANDARD_LIBRARIES = YES;
				CODE_SIGN_STYLE = Automatic;
				DEVELOPMENT_TEAM = KTWM2B262H;
				INFOPLIST_FILE = EY.Mtel.StringToColorUITests/Info.plist;
				LD_RUNPATH_SEARCH_PATHS = (
					"$(inherited)",
					"@executable_path/Frameworks",
					"@loader_path/Frameworks",
				);
				PRODUCT_BUNDLE_IDENTIFIER = "EY.Mtel.EY-Mtel-StringToColorUITests";
				PRODUCT_NAME = "$(TARGET_NAME)";
				SWIFT_VERSION = 5.0;
				TARGETED_DEVICE_FAMILY = "1,2";
				TEST_TARGET_NAME = EY.Mtel.StringToColor;
			};
			name = Debug;
		};
		DFE0E920250A77B7004848D1 /* Release */ = {
			isa = XCBuildConfiguration;
			buildSettings = {
				ALWAYS_EMBED_SWIFT_STANDARD_LIBRARIES = YES;
				CODE_SIGN_STYLE = Automatic;
				DEVELOPMENT_TEAM = KTWM2B262H;
				INFOPLIST_FILE = EY.Mtel.StringToColorUITests/Info.plist;
				LD_RUNPATH_SEARCH_PATHS = (
					"$(inherited)",
					"@executable_path/Frameworks",
					"@loader_path/Frameworks",
				);
				PRODUCT_BUNDLE_IDENTIFIER = "EY.Mtel.EY-Mtel-StringToColorUITests";
				PRODUCT_NAME = "$(TARGET_NAME)";
				SWIFT_VERSION = 5.0;
				TARGETED_DEVICE_FAMILY = "1,2";
				TEST_TARGET_NAME = EY.Mtel.StringToColor;
			};
			name = Release;
		};
/* End XCBuildConfiguration section */

/* Begin XCConfigurationList section */
		DFE0E8E9250A77B5004848D1 /* Build configuration list for PBXProject "EY.Mtel.StringToColor" */ = {
			isa = XCConfigurationList;
			buildConfigurations = (
				DFE0E916250A77B7004848D1 /* Debug */,
				DFE0E917250A77B7004848D1 /* Release */,
			);
			defaultConfigurationIsVisible = 0;
			defaultConfigurationName = Release;
		};
		DFE0E918250A77B7004848D1 /* Build configuration list for PBXNativeTarget "EY.Mtel.StringToColor" */ = {
			isa = XCConfigurationList;
			buildConfigurations = (
				DFE0E919250A77B7004848D1 /* Debug */,
				DFE0E91A250A77B7004848D1 /* Release */,
			);
			defaultConfigurationIsVisible = 0;
			defaultConfigurationName = Release;
		};
		DFE0E91B250A77B7004848D1 /* Build configuration list for PBXNativeTarget "EY.Mtel.StringToColorTests" */ = {
			isa = XCConfigurationList;
			buildConfigurations = (
				DFE0E91C250A77B7004848D1 /* Debug */,
				DFE0E91D250A77B7004848D1 /* Release */,
			);
			defaultConfigurationIsVisible = 0;
			defaultConfigurationName = Release;
		};
		DFE0E91E250A77B7004848D1 /* Build configuration list for PBXNativeTarget "EY.Mtel.StringToColorUITests" */ = {
			isa = XCConfigurationList;
			buildConfigurations = (
				DFE0E91F250A77B7004848D1 /* Debug */,
				DFE0E920250A77B7004848D1 /* Release */,
			);
			defaultConfigurationIsVisible = 0;
			defaultConfigurationName = Release;
		};
/* End XCConfigurationList section */
	};
	rootObject = DFE0E8E6250A77B5004848D1 /* Project object */;
}
